
Microsoft Visual Studio Solution File, Format Version 12.00
# Visual Studio Version 16
VisualStudioVersion = 16.0.32630.194
MinimumVisualStudioVersion = 10.0.40219.1
Project("{F184B08F-C81C-45F6-A57F-5ABD9991F28F}") = "WindowsApp", "WindowsApp\WindowsApp.vbproj", "{3632D1D6-1C2C-4731-9DFA-26B6B2B5CC8D}"
EndProject
Global
	GlobalSection(SolutionConfigurationPlatforms) = preSolution
		Debug|Any CPU = Debug|Any CPU
		Release|Any CPU = Release|Any CPU
	EndGlobalSection
	GlobalSection(ProjectConfigurationPlatforms) = postSolution
		{3632D1D6-1C2C-4731-9DFA-26B6B2B5CC8D}.Debug|Any CPU.ActiveCfg = Debug|Any CPU
		{3632D1D6-1C2C-4731-9DFA-26B6B2B5CC8D}.Debug|Any CPU.Build.0 = Debug|Any CPU
		{3632D1D6-1C2C-4731-9DFA-26B6B2B5CC8D}.Release|Any CPU.ActiveCfg = Release|Any CPU
		{3632D1D6-1C2C-4731-9DFA-26B6B2B5CC8D}.Release|Any CPU.Build.0 = Release|Any CPU
	EndGlobalSection
	GlobalSection(SolutionProperties) = preSolution
		HideSolutionNode = FALSE
	EndGlobalSection
	GlobalSection(ExtensibilityGlobals) = postSolution
		SolutionGuid = {80E1F3C1-7516-485D-9ECF-1391D1D3275F}
	EndGlobalSection
EndGlobal
